
Microsoft Visual Studio Solution File, Format Version 12.00
# Visual Studio Version 17
VisualStudioVersion = 17.3.32929.385
MinimumVisualStudioVersion = 10.0.40219.1
Project("{FAE04EC0-301F-11D3-BF4B-00C04F79EFBC}") = "SmartAppointmentBookingSystem", "SmartAppointmentBookingSystem.csproj", "{7EA3BD9E-C447-4F5A-BB59-BDF584607B98}"
EndProject
Project("{FAE04EC0-301F-11D3-BF4B-00C04F79EFBC}") = "Testing", "..\Testing\Testing.csproj", "{FF387F44-3925-48FF-8BC0-6DBC9C5BE0A8}"
EndProject
Project("{FAE04EC0-301F-11D3-BF4B-00C04F79EFBC}") = "NUnitTest", "..\NUnitTest\NUnitTest.csproj", "{5C284773-583E-4ED4-96AB-8F6E90FE5084}"
EndProject
Global
	GlobalSection(SolutionConfigurationPlatforms) = preSolution
		Debug|Any CPU = Debug|Any CPU
		Release|Any CPU = Release|Any CPU
	EndGlobalSection
	GlobalSection(ProjectConfigurationPlatforms) = postSolution
		{7EA3BD9E-C447-4F5A-BB59-BDF584607B98}.Debug|Any CPU.ActiveCfg = Debug|Any CPU
		{7EA3BD9E-C447-4F5A-BB59-BDF584607B98}.Debug|Any CPU.Build.0 = Debug|Any CPU
		{7EA3BD9E-C447-4F5A-BB59-BDF584607B98}.Release|Any CPU.ActiveCfg = Release|Any CPU
		{7EA3BD9E-C447-4F5A-BB59-BDF584607B98}.Release|Any CPU.Build.0 = Release|Any CPU
		{FF387F44-3925-48FF-8BC0-6DBC9C5BE0A8}.Debug|Any CPU.ActiveCfg = Debug|Any CPU
		{FF387F44-3925-48FF-8BC0-6DBC9C5BE0A8}.Debug|Any CPU.Build.0 = Debug|Any CPU
		{FF387F44-3925-48FF-8BC0-6DBC9C5BE0A8}.Release|Any CPU.ActiveCfg = Release|Any CPU
		{FF387F44-3925-48FF-8BC0-6DBC9C5BE0A8}.Release|Any CPU.Build.0 = Release|Any CPU
		{5C284773-583E-4ED4-96AB-8F6E90FE5084}.Debug|Any CPU.ActiveCfg = Debug|Any CPU
		{5C284773-583E-4ED4-96AB-8F6E90FE5084}.Debug|Any CPU.Build.0 = Debug|Any CPU
		{5C284773-583E-4ED4-96AB-8F6E90FE5084}.Release|Any CPU.ActiveCfg = Release|Any CPU
		{5C284773-583E-4ED4-96AB-8F6E90FE5084}.Release|Any CPU.Build.0 = Release|Any CPU
	EndGlobalSection
	GlobalSection(SolutionProperties) = preSolution
		HideSolutionNode = FALSE
	EndGlobalSection
	GlobalSection(ExtensibilityGlobals) = postSolution
		SolutionGuid = {4A34F211-83DC-42D6-AD2B-A2936713E803}
	EndGlobalSection
EndGlobal
